{
  "name": "comic-assistant-backend",
  "version": "1.0.0",
  "lockfileVersion": 3,
  "requires": true,
  "packages": {
    "": {
      "name": "comic-assistant-backend",
      "version": "1.0.0",
      "license": "ISC",
      "dependencies": {
        "dotenv": "^16.4.1",
        "uWebSockets.js": "github:uNetworking/uWebSockets.js#v20.41.0"
      }
    },
    "node_modules/dotenv": {
      "version": "16.4.1",
      "resolved": "https://registry.npmjs.org/dotenv/-/dotenv-16.4.1.tgz",
      "integrity": "sha512-CjA3y+Dr3FyFDOAMnxZEGtnW9KBR2M0JvvUtXNW+dYJL5ROWxP9DUHCwgFqpMk0OXCc0ljhaNTr2w/kutYIcHQ==",
      "engines": {
        "node": ">=12"
      },
      "funding": {
        "url": "https://github.com/motdotla/dotenv?sponsor=1"
      }
    },
    "node_modules/uWebSockets.js": {
      "version": "20.41.0",
      "resolved": "git+ssh://git@github.com/uNetworking/uWebSockets.js.git#105d9ec47126cb82e4a6f3a08aa2ac78b4bb14f1",
      "license": "Apache-2.0"
    }
  }
}
